
Microsoft Visual Studio Solution File, Format Version 12.00
# Visual Studio 2013
VisualStudioVersion = 12.0.40629.0
MinimumVisualStudioVersion = 10.0.40219.1
Project("{FAE04EC0-301F-11D3-BF4B-00C04F79EFBC}") = "ChessEngine", "ChessEngine\ChessEngine.csproj", "{57A16774-4117-4FB9-98D9-4A7763B691B5}"
EndProject
Project("{FAE04EC0-301F-11D3-BF4B-00C04F79EFBC}") = "ChessGameBrowser", "ChessGameBrowser\ChessGameBrowser.csproj", "{3D28292E-3193-4203-B329-1C86CBEA53EC}"
EndProject
Global
	GlobalSection(SolutionConfigurationPlatforms) = preSolution
		Debug|Any CPU = Debug|Any CPU
		Release|Any CPU = Release|Any CPU
	EndGlobalSection
	GlobalSection(ProjectConfigurationPlatforms) = postSolution
		{57A16774-4117-4FB9-98D9-4A7763B691B5}.Debug|Any CPU.ActiveCfg = Debug|Any CPU
		{57A16774-4117-4FB9-98D9-4A7763B691B5}.Debug|Any CPU.Build.0 = Debug|Any CPU
		{57A16774-4117-4FB9-98D9-4A7763B691B5}.Release|Any CPU.ActiveCfg = Release|Any CPU
		{57A16774-4117-4FB9-98D9-4A7763B691B5}.Release|Any CPU.Build.0 = Release|Any CPU
		{3D28292E-3193-4203-B329-1C86CBEA53EC}.Debug|Any CPU.ActiveCfg = Debug|Any CPU
		{3D28292E-3193-4203-B329-1C86CBEA53EC}.Debug|Any CPU.Build.0 = Debug|Any CPU
		{3D28292E-3193-4203-B329-1C86CBEA53EC}.Release|Any CPU.ActiveCfg = Release|Any CPU
		{3D28292E-3193-4203-B329-1C86CBEA53EC}.Release|Any CPU.Build.0 = Release|Any CPU
	EndGlobalSection
	GlobalSection(SolutionProperties) = preSolution
		HideSolutionNode = FALSE
	EndGlobalSection
EndGlobal
